// !$*UTF8*$!
{
	archiveVersion = 1;
	classes = {
	};
	objectVersion = 46;
	objects = {

/* Begin PBXBuildFile section */
		14AAD0D81CE3AF16006B7303 /* CircularLoaderView.swift in Sources */ = {isa = PBXBuildFile; fileRef = 14AAD0D71CE3AF16006B7303 /* CircularLoaderView.swift */; };
		14D4D1141CE26DA80074072A /* AppDelegate.swift in Sources */ = {isa = PBXBuildFile; fileRef = 14D4D1131CE26DA80074072A /* AppDelegate.swift */; };
		14D4D1161CE26DA80074072A /* PracticeViewController.swift in Sources */ = {isa = PBXBuildFile; fileRef = 14D4D1151CE26DA80074072A /* PracticeViewController.swift */; };
		14D4D1181CE26DA80074072A /* StatsViewController.swift in Sources */ = {isa = PBXBuildFile; fileRef = 14D4D1171CE26DA80074072A /* StatsViewController.swift */; };
		14D4D11B1CE26DA80074072A /* Main.storyboard in Resources */ = {isa = PBXBuildFile; fileRef = 14D4D1191CE26DA80074072A /* Main.storyboard */; };
		14D4D11D1CE26DA80074072A /* Assets.xcassets in Resources */ = {isa = PBXBuildFile; fileRef = 14D4D11C1CE26DA80074072A /* Assets.xcassets */; };
		14D4D1201CE26DA80074072A /* LaunchScreen.storyboard in Resources */ = {isa = PBXBuildFile; fileRef = 14D4D11E1CE26DA80074072A /* LaunchScreen.storyboard */; };
		14D4D12B1CE26DA80074072A /* SixStringsTests.swift in Sources */ = {isa = PBXBuildFile; fileRef = 14D4D12A1CE26DA80074072A /* SixStringsTests.swift */; };
		14D4D1361CE26DA80074072A /* SixStringsUITests.swift in Sources */ = {isa = PBXBuildFile; fileRef = 14D4D1351CE26DA80074072A /* SixStringsUITests.swift */; };
		14D4D1461CE27AF70074072A /* User.swift in Sources */ = {isa = PBXBuildFile; fileRef = 14D4D1451CE27AF70074072A /* User.swift */; };
		14D4D1561CE28FDE0074072A /* Charts.framework in Frameworks */ = {isa = PBXBuildFile; fileRef = 14D4D14F1CE28FBF0074072A /* Charts.framework */; };
		14D4D1571CE28FDE0074072A /* Charts.framework in Embed Frameworks */ = {isa = PBXBuildFile; fileRef = 14D4D14F1CE28FBF0074072A /* Charts.framework */; settings = {ATTRIBUTES = (CodeSignOnCopy, RemoveHeadersOnCopy, ); }; };
/* End PBXBuildFile section */

/* Begin PBXContainerItemProxy section */
		14D4D1271CE26DA80074072A /* PBXContainerItemProxy */ = {
			isa = PBXContainerItemProxy;
			containerPortal = 14D4D1081CE26DA80074072A /* Project object */;
			proxyType = 1;
			remoteGlobalIDString = 14D4D10F1CE26DA80074072A;
			remoteInfo = SixStrings;
		};
		14D4D1321CE26DA80074072A /* PBXContainerItemProxy */ = {
			isa = PBXContainerItemProxy;
			containerPortal = 14D4D1081CE26DA80074072A /* Project object */;
			proxyType = 1;
			remoteGlobalIDString = 14D4D10F1CE26DA80074072A;
			remoteInfo = SixStrings;
		};
		14D4D14E1CE28FBF0074072A /* PBXContainerItemProxy */ = {
			isa = PBXContainerItemProxy;
			containerPortal = 14D4D1471CE28FBE0074072A /* Charts.xcodeproj */;
			proxyType = 2;
			remoteGlobalIDString = 5BA8EC401A9D14DC00CE82E1;
			remoteInfo = "Charts-iOS";
		};
		14D4D1501CE28FBF0074072A /* PBXContainerItemProxy */ = {
			isa = PBXContainerItemProxy;
			containerPortal = 14D4D1471CE28FBE0074072A /* Charts.xcodeproj */;
			proxyType = 2;
			remoteGlobalIDString = A52C5C371BAC5CA400594CDD;
			remoteInfo = "Charts-TV";
		};
		14D4D1521CE28FBF0074072A /* PBXContainerItemProxy */ = {
			isa = PBXContainerItemProxy;
			containerPortal = 14D4D1471CE28FBE0074072A /* Charts.xcodeproj */;
			proxyType = 2;
			remoteGlobalIDString = 65B3F5BF1C7370BE000983D0;
			remoteInfo = "Charts-OSX";
		};
		14D4D1541CE28FBF0074072A /* PBXContainerItemProxy */ = {
			isa = PBXContainerItemProxy;
			containerPortal = 14D4D1471CE28FBE0074072A /* Charts.xcodeproj */;
			proxyType = 2;
			remoteGlobalIDString = 06AEE7A21BDC3F8B009875AE;
			remoteInfo = ChartsTests;
		};
		14D4D1581CE28FDE0074072A /* PBXContainerItemProxy */ = {
			isa = PBXContainerItemProxy;
			containerPortal = 14D4D1471CE28FBE0074072A /* Charts.xcodeproj */;
			proxyType = 1;
			remoteGlobalIDString = 5BA8EC3F1A9D14DC00CE82E1;
			remoteInfo = "Charts-iOS";
		};
/* End PBXContainerItemProxy section */

/* Begin PBXCopyFilesBuildPhase section */
		14D4D15A1CE28FDE0074072A /* Embed Frameworks */ = {
			isa = PBXCopyFilesBuildPhase;
			buildActionMask = 2147483647;
			dstPath = "";
			dstSubfolderSpec = 10;
			files = (
				14D4D1571CE28FDE0074072A /* Charts.framework in Embed Frameworks */,
			);
			name = "Embed Frameworks";
			runOnlyForDeploymentPostprocessing = 0;
		};
/* End PBXCopyFilesBuildPhase section */

/* Begin PBXFileReference section */
		14AAD0D71CE3AF16006B7303 /* CircularLoaderView.swift */ = {isa = PBXFileReference; fileEncoding = 4; lastKnownFileType = sourcecode.swift; name = CircularLoaderView.swift; path = ../CircularLoaderView.swift; sourceTree = "<group>"; };
		14D4D1101CE26DA80074072A /* SixStrings.app */ = {isa = PBXFileReference; explicitFileType = wrapper.application; includeInIndex = 0; path = SixStrings.app; sourceTree = BUILT_PRODUCTS_DIR; };
		14D4D1131CE26DA80074072A /* AppDelegate.swift */ = {isa = PBXFileReference; lastKnownFileType = sourcecode.swift; path = AppDelegate.swift; sourceTree = "<group>"; };
		14D4D1151CE26DA80074072A /* PracticeViewController.swift */ = {isa = PBXFileReference; lastKnownFileType = sourcecode.swift; path = PracticeViewController.swift; sourceTree = "<group>"; };
		14D4D1171CE26DA80074072A /* StatsViewController.swift */ = {isa = PBXFileReference; lastKnownFileType = sourcecode.swift; path = StatsViewController.swift; sourceTree = "<group>"; };
		14D4D11A1CE26DA80074072A /* Base */ = {isa = PBXFileReference; lastKnownFileType = file.storyboard; name = Base; path = Base.lproj/Main.storyboard; sourceTree = "<group>"; };
		14D4D11C1CE26DA80074072A /* Assets.xcassets */ = {isa = PBXFileReference; lastKnownFileType = folder.assetcatalog; path = Assets.xcassets; sourceTree = "<group>"; };
		14D4D11F1CE26DA80074072A /* Base */ = {isa = PBXFileReference; lastKnownFileType = file.storyboard; name = Base; path = Base.lproj/LaunchScreen.storyboard; sourceTree = "<group>"; };
		14D4D1211CE26DA80074072A /* Info.plist */ = {isa = PBXFileReference; lastKnownFileType = text.plist.xml; path = Info.plist; sourceTree = "<group>"; };
		14D4D1261CE26DA80074072A /* SixStringsTests.xctest */ = {isa = PBXFileReference; explicitFileType = wrapper.cfbundle; includeInIndex = 0; path = SixStringsTests.xctest; sourceTree = BUILT_PRODUCTS_DIR; };
		14D4D12A1CE26DA80074072A /* SixStringsTests.swift */ = {isa = PBXFileReference; lastKnownFileType = sourcecode.swift; path = SixStringsTests.swift; sourceTree = "<group>"; };
		14D4D12C1CE26DA80074072A /* Info.plist */ = {isa = PBXFileReference; lastKnownFileType = text.plist.xml; path = Info.plist; sourceTree = "<group>"; };
		14D4D1311CE26DA80074072A /* SixStringsUITests.xctest */ = {isa = PBXFileReference; explicitFileType = wrapper.cfbundle; includeInIndex = 0; path = SixStringsUITests.xctest; sourceTree = BUILT_PRODUCTS_DIR; };
		14D4D1351CE26DA80074072A /* SixStringsUITests.swift */ = {isa = PBXFileReference; lastKnownFileType = sourcecode.swift; path = SixStringsUITests.swift; sourceTree = "<group>"; };
		14D4D1371CE26DA80074072A /* Info.plist */ = {isa = PBXFileReference; lastKnownFileType = text.plist.xml; path = Info.plist; sourceTree = "<group>"; };
		14D4D1451CE27AF70074072A /* User.swift */ = {isa = PBXFileReference; fileEncoding = 4; lastKnownFileType = sourcecode.swift; path = User.swift; sourceTree = "<group>"; };
		14D4D1471CE28FBE0074072A /* Charts.xcodeproj */ = {isa = PBXFileReference; lastKnownFileType = "wrapper.pb-project"; name = Charts.xcodeproj; path = "../../Downloads/Charts-master/Charts/Charts.xcodeproj"; sourceTree = "<group>"; };
/* End PBXFileReference section */

/* Begin PBXFrameworksBuildPhase section */
		14D4D10D1CE26DA80074072A /* Frameworks */ = {
			isa = PBXFrameworksBuildPhase;
			buildActionMask = 2147483647;
			files = (
				14D4D1561CE28FDE0074072A /* Charts.framework in Frameworks */,
			);
			runOnlyForDeploymentPostprocessing = 0;
		};
		14D4D1231CE26DA80074072A /* Frameworks */ = {
			isa = PBXFrameworksBuildPhase;
			buildActionMask = 2147483647;
			files = (
			);
			runOnlyForDeploymentPostprocessing = 0;
		};
		14D4D12E1CE26DA80074072A /* Frameworks */ = {
			isa = PBXFrameworksBuildPhase;
			buildActionMask = 2147483647;
			files = (
			);
			runOnlyForDeploymentPostprocessing = 0;
		};
/* End PBXFrameworksBuildPhase section */

/* Begin PBXGroup section */
		14D4D1071CE26DA80074072A = {
			isa = PBXGroup;
			children = (
				14D4D1121CE26DA80074072A /* SixStrings */,
				14D4D1291CE26DA80074072A /* SixStringsTests */,
				14D4D1341CE26DA80074072A /* SixStringsUITests */,
				14D4D1111CE26DA80074072A /* Products */,
				14D4D1471CE28FBE0074072A /* Charts.xcodeproj */,
			);
			sourceTree = "<group>";
		};
		14D4D1111CE26DA80074072A /* Products */ = {
			isa = PBXGroup;
			children = (
				14D4D1101CE26DA80074072A /* SixStrings.app */,
				14D4D1261CE26DA80074072A /* SixStringsTests.xctest */,
				14D4D1311CE26DA80074072A /* SixStringsUITests.xctest */,
			);
			name = Products;
			sourceTree = "<group>";
		};
		14D4D1121CE26DA80074072A /* SixStrings */ = {
			isa = PBXGroup;
			children = (
				14AAD0D71CE3AF16006B7303 /* CircularLoaderView.swift */,
				14D4D1131CE26DA80074072A /* AppDelegate.swift */,
				14D4D1151CE26DA80074072A /* PracticeViewController.swift */,
				14D4D1171CE26DA80074072A /* StatsViewController.swift */,
				14D4D1191CE26DA80074072A /* Main.storyboard */,
				14D4D11C1CE26DA80074072A /* Assets.xcassets */,
				14D4D11E1CE26DA80074072A /* LaunchScreen.storyboard */,
				14D4D1211CE26DA80074072A /* Info.plist */,
				14D4D1451CE27AF70074072A /* User.swift */,
			);
			path = SixStrings;
			sourceTree = "<group>";
		};
		14D4D1291CE26DA80074072A /* SixStringsTests */ = {
			isa = PBXGroup;
			children = (
				14D4D12A1CE26DA80074072A /* SixStringsTests.swift */,
				14D4D12C1CE26DA80074072A /* Info.plist */,
			);
			path = SixStringsTests;
			sourceTree = "<group>";
		};
		14D4D1341CE26DA80074072A /* SixStringsUITests */ = {
			isa = PBXGroup;
			children = (
				14D4D1351CE26DA80074072A /* SixStringsUITests.swift */,
				14D4D1371CE26DA80074072A /* Info.plist */,
			);
			path = SixStringsUITests;
			sourceTree = "<group>";
		};
		14D4D1481CE28FBE0074072A /* Products */ = {
			isa = PBXGroup;
			children = (
				14D4D14F1CE28FBF0074072A /* Charts.framework */,
				14D4D1511CE28FBF0074072A /* Charts.framework */,
				14D4D1531CE28FBF0074072A /* Charts.framework */,
				14D4D1551CE28FBF0074072A /* ChartsTests.xctest */,
			);
			name = Products;
			sourceTree = "<group>";
		};
/* End PBXGroup section */

/* Begin PBXNativeTarget section */
		14D4D10F1CE26DA80074072A /* SixStrings */ = {
			isa = PBXNativeTarget;
			buildConfigurationList = 14D4D13A1CE26DA80074072A /* Build configuration list for PBXNativeTarget "SixStrings" */;
			buildPhases = (
				14D4D10C1CE26DA80074072A /* Sources */,
				14D4D10D1CE26DA80074072A /* Frameworks */,
				14D4D10E1CE26DA80074072A /* Resources */,
				14D4D15A1CE28FDE0074072A /* Embed Frameworks */,
			);
			buildRules = (
			);
			dependencies = (
				14D4D1591CE28FDE0074072A /* PBXTargetDependency */,
			);
			name = SixStrings;
			productName = SixStrings;
			productReference = 14D4D1101CE26DA80074072A /* SixStrings.app */;
			productType = "com.apple.product-type.application";
		};
		14D4D1251CE26DA80074072A /* SixStringsTests */ = {
			isa = PBXNativeTarget;
			buildConfigurationList = 14D4D13D1CE26DA80074072A /* Build configuration list for PBXNativeTarget "SixStringsTests" */;
			buildPhases = (
				14D4D1221CE26DA80074072A /* Sources */,
				14D4D1231CE26DA80074072A /* Frameworks */,
				14D4D1241CE26DA80074072A /* Resources */,
			);
			buildRules = (
			);
			dependencies = (
				14D4D1281CE26DA80074072A /* PBXTargetDependency */,
			);
			name = SixStringsTests;
			productName = SixStringsTests;
			productReference = 14D4D1261CE26DA80074072A /* SixStringsTests.xctest */;
			productType = "com.apple.product-type.bundle.unit-test";
		};
		14D4D1301CE26DA80074072A /* SixStringsUITests */ = {
			isa = PBXNativeTarget;
			buildConfigurationList = 14D4D1401CE26DA80074072A /* Build configuration list for PBXNativeTarget "SixStringsUITests" */;
			buildPhases = (
				14D4D12D1CE26DA80074072A /* Sources */,
				14D4D12E1CE26DA80074072A /* Frameworks */,
				14D4D12F1CE26DA80074072A /* Resources */,
			);
			buildRules = (
			);
			dependencies = (
				14D4D1331CE26DA80074072A /* PBXTargetDependency */,
			);
			name = SixStringsUITests;
			productName = SixStringsUITests;
			productReference = 14D4D1311CE26DA80074072A /* SixStringsUITests.xctest */;
			productType = "com.apple.product-type.bundle.ui-testing";
		};
/* End PBXNativeTarget section */

/* Begin PBXProject section */
		14D4D1081CE26DA80074072A /* Project object */ = {
			isa = PBXProject;
			attributes = {
				LastSwiftUpdateCheck = 0730;
				LastUpgradeCheck = 0730;
				ORGANIZATIONNAME = "Sean Johnsen";
				TargetAttributes = {
					14D4D10F1CE26DA80074072A = {
						CreatedOnToolsVersion = 7.3.1;
						DevelopmentTeam = 4M8H6GJT26;
					};
					14D4D1251CE26DA80074072A = {
						CreatedOnToolsVersion = 7.3.1;
						TestTargetID = 14D4D10F1CE26DA80074072A;
					};
					14D4D1301CE26DA80074072A = {
						CreatedOnToolsVersion = 7.3.1;
						TestTargetID = 14D4D10F1CE26DA80074072A;
					};
				};
			};
			buildConfigurationList = 14D4D10B1CE26DA80074072A /* Build configuration list for PBXProject "SixStrings" */;
			compatibilityVersion = "Xcode 3.2";
			developmentRegion = English;
			hasScannedForEncodings = 0;
			knownRegions = (
				en,
				Base,
			);
			mainGroup = 14D4D1071CE26DA80074072A;
			productRefGroup = 14D4D1111CE26DA80074072A /* Products */;
			projectDirPath = "";
			projectReferences = (
				{
					ProductGroup = 14D4D1481CE28FBE0074072A /* Products */;
					ProjectRef = 14D4D1471CE28FBE0074072A /* Charts.xcodeproj */;
				},
			);
			projectRoot = "";
			targets = (
				14D4D10F1CE26DA80074072A /* SixStrings */,
				14D4D1251CE26DA80074072A /* SixStringsTests */,
				14D4D1301CE26DA80074072A /* SixStringsUITests */,
			);
		};
/* End PBXProject section */

/* Begin PBXReferenceProxy section */
		14D4D14F1CE28FBF0074072A /* Charts.framework */ = {
			isa = PBXReferenceProxy;
			fileType = wrapper.framework;
			path = Charts.framework;
			remoteRef = 14D4D14E1CE28FBF0074072A /* PBXContainerItemProxy */;
			sourceTree = BUILT_PRODUCTS_DIR;
		};
		14D4D1511CE28FBF0074072A /* Charts.framework */ = {
			isa = PBXReferenceProxy;
			fileType = wrapper.framework;
			path = Charts.framework;
			remoteRef = 14D4D1501CE28FBF0074072A /* PBXContainerItemProxy */;
			sourceTree = BUILT_PRODUCTS_DIR;
		};
		14D4D1531CE28FBF0074072A /* Charts.framework */ = {
			isa = PBXReferenceProxy;
			fileType = wrapper.framework;
			path = Charts.framework;
			remoteRef = 14D4D1521CE28FBF0074072A /* PBXContainerItemProxy */;
			sourceTree = BUILT_PRODUCTS_DIR;
		};
		14D4D1551CE28FBF0074072A /* ChartsTests.xctest */ = {
			isa = PBXReferenceProxy;
			fileType = wrapper.cfbundle;
			path = ChartsTests.xctest;
			remoteRef = 14D4D1541CE28FBF0074072A /* PBXContainerItemProxy */;
			sourceTree = BUILT_PRODUCTS_DIR;
		};
/* End PBXReferenceProxy section */

/* Begin PBXResourcesBuildPhase section */
		14D4D10E1CE26DA80074072A /* Resources */ = {
			isa = PBXResourcesBuildPhase;
			buildActionMask = 2147483647;
			files = (
				14D4D1201CE26DA80074072A /* LaunchScreen.storyboard in Resources */,
				14D4D11D1CE26DA80074072A /* Assets.xcassets in Resources */,
				14D4D11B1CE26DA80074072A /* Main.storyboard in Resources */,
			);
			runOnlyForDeploymentPostprocessing = 0;
		};
		14D4D1241CE26DA80074072A /* Resources */ = {
			isa = PBXResourcesBuildPhase;
			buildActionMask = 2147483647;
			files = (
			);
			runOnlyForDeploymentPostprocessing = 0;
		};
		14D4D12F1CE26DA80074072A /* Resources */ = {
			isa = PBXResourcesBuildPhase;
			buildActionMask = 2147483647;
			files = (
			);
			runOnlyForDeploymentPostprocessing = 0;
		};
/* End PBXResourcesBuildPhase section */

/* Begin PBXSourcesBuildPhase section */
		14D4D10C1CE26DA80074072A /* Sources */ = {
			isa = PBXSourcesBuildPhase;
			buildActionMask = 2147483647;
			files = (
				14D4D1181CE26DA80074072A /* StatsViewController.swift in Sources */,
				14D4D1141CE26DA80074072A /* AppDelegate.swift in Sources */,
				14AAD0D81CE3AF16006B7303 /* CircularLoaderView.swift in Sources */,
				14D4D1461CE27AF70074072A /* User.swift in Sources */,
				14D4D1161CE26DA80074072A /* PracticeViewController.swift in Sources */,
			);
			runOnlyForDeploymentPostprocessing = 0;
		};
		14D4D1221CE26DA80074072A /* Sources */ = {
			isa = PBXSourcesBuildPhase;
			buildActionMask = 2147483647;
			files = (
				14D4D12B1CE26DA80074072A /* SixStringsTests.swift in Sources */,
			);
			runOnlyForDeploymentPostprocessing = 0;
		};
		14D4D12D1CE26DA80074072A /* Sources */ = {
			isa = PBXSourcesBuildPhase;
			buildActionMask = 2147483647;
			files = (
				14D4D1361CE26DA80074072A /* SixStringsUITests.swift in Sources */,
			);
			runOnlyForDeploymentPostprocessing = 0;
		};
/* End PBXSourcesBuildPhase section */

/* Begin PBXTargetDependency section */
		14D4D1281CE26DA80074072A /* PBXTargetDependency */ = {
			isa = PBXTargetDependency;
			target = 14D4D10F1CE26DA80074072A /* SixStrings */;
			targetProxy = 14D4D1271CE26DA80074072A /* PBXContainerItemProxy */;
		};
		14D4D1331CE26DA80074072A /* PBXTargetDependency */ = {
			isa = PBXTargetDependency;
			target = 14D4D10F1CE26DA80074072A /* SixStrings */;
			targetProxy = 14D4D1321CE26DA80074072A /* PBXContainerItemProxy */;
		};
		14D4D1591CE28FDE0074072A /* PBXTargetDependency */ = {
			isa = PBXTargetDependency;
			name = "Charts-iOS";
			targetProxy = 14D4D1581CE28FDE0074072A /* PBXContainerItemProxy */;
		};
/* End PBXTargetDependency section */

/* Begin PBXVariantGroup section */
		14D4D1191CE26DA80074072A /* Main.storyboard */ = {
			isa = PBXVariantGroup;
			children = (
				14D4D11A1CE26DA80074072A /* Base */,
			);
			name = Main.storyboard;
			sourceTree = "<group>";
		};
		14D4D11E1CE26DA80074072A /* LaunchScreen.storyboard */ = {
			isa = PBXVariantGroup;
			children = (
				14D4D11F1CE26DA80074072A /* Base */,
			);
			name = LaunchScreen.storyboard;
			sourceTree = "<group>";
		};
/* End PBXVariantGroup section */

/* Begin XCBuildConfiguration section */
		14D4D1381CE26DA80074072A /* Debug */ = {
			isa = XCBuildConfiguration;
			buildSettings = {
				ALWAYS_SEARCH_USER_PATHS = NO;
				CLANG_ANALYZER_NONNULL = YES;
				CLANG_CXX_LANGUAGE_STANDARD = "gnu++0x";
				CLANG_CXX_LIBRARY = "libc++";
				CLANG_ENABLE_MODULES = YES;
				CLANG_ENABLE_OBJC_ARC = YES;
				CLANG_WARN_BOOL_CONVERSION = YES;
				CLANG_WARN_CONSTANT_CONVERSION = YES;
				CLANG_WARN_DIRECT_OBJC_ISA_USAGE = YES_ERROR;
				CLANG_WARN_EMPTY_BODY = YES;
				CLANG_WARN_ENUM_CONVERSION = YES;
				CLANG_WARN_INT_CONVERSION = YES;
				CLANG_WARN_OBJC_ROOT_CLASS = YES_ERROR;
				CLANG_WARN_UNREACHABLE_CODE = YES;
				CLANG_WARN__DUPLICATE_METHOD_MATCH = YES;
				"CODE_SIGN_IDENTITY[sdk=iphoneos*]" = "iPhone Developer";
				COPY_PHASE_STRIP = NO;
				DEBUG_INFORMATION_FORMAT = dwarf;
				ENABLE_STRICT_OBJC_MSGSEND = YES;
				ENABLE_TESTABILITY = YES;
				GCC_C_LANGUAGE_STANDARD = gnu99;
				GCC_DYNAMIC_NO_PIC = NO;
				GCC_NO_COMMON_BLOCKS = YES;
				GCC_OPTIMIZATION_LEVEL = 0;
				GCC_PREPROCESSOR_DEFINITIONS = (
					"DEBUG=1",
					"$(inherited)",
				);
				GCC_WARN_64_TO_32_BIT_CONVERSION = YES;
				GCC_WARN_ABOUT_RETURN_TYPE = YES_ERROR;
				GCC_WARN_UNDECLARED_SELECTOR = YES;
				GCC_WARN_UNINITIALIZED_AUTOS = YES_AGGRESSIVE;
				GCC_WARN_UNUSED_FUNCTION = YES;
				GCC_WARN_UNUSED_VARIABLE = YES;
				IPHONEOS_DEPLOYMENT_TARGET = 9.3;
				MTL_ENABLE_DEBUG_INFO = YES;
				ONLY_ACTIVE_ARCH = YES;
				SDKROOT = iphoneos;
				SWIFT_OPTIMIZATION_LEVEL = "-Onone";
				TARGETED_DEVICE_FAMILY = "1,2";
			};
			name = Debug;
		};
		14D4D1391CE26DA80074072A /* Release */ = {
			isa = XCBuildConfiguration;
			buildSettings = {
				ALWAYS_SEARCH_USER_PATHS = NO;
				CLANG_ANALYZER_NONNULL = YES;
				CLANG_CXX_LANGUAGE_STANDARD = "gnu++0x";
				CLANG_CXX_LIBRARY = "libc++";
				CLANG_ENABLE_MODULES = YES;
				CLANG_ENABLE_OBJC_ARC = YES;
				CLANG_WARN_BOOL_CONVERSION = YES;
				CLANG_WARN_CONSTANT_CONVERSION = YES;
				CLANG_WARN_DIRECT_OBJC_ISA_USAGE = YES_ERROR;
				CLANG_WARN_EMPTY_BODY = YES;
				CLANG_WARN_ENUM_CONVERSION = YES;
				CLANG_WARN_INT_CONVERSION = YES;
				CLANG_WARN_OBJC_ROOT_CLASS = YES_ERROR;
				CLANG_WARN_UNREACHABLE_CODE = YES;
				CLANG_WARN__DUPLICATE_METHOD_MATCH = YES;
				"CODE_SIGN_IDENTITY[sdk=iphoneos*]" = "iPhone Developer";
				COPY_PHASE_STRIP = NO;
				DEBUG_INFORMATION_FORMAT = "dwarf-with-dsym";
				ENABLE_NS_ASSERTIONS = NO;
				ENABLE_STRICT_OBJC_MSGSEND = YES;
				GCC_C_LANGUAGE_STANDARD = gnu99;
				GCC_NO_COMMON_BLOCKS = YES;
				GCC_WARN_64_TO_32_BIT_CONVERSION = YES;
				GCC_WARN_ABOUT_RETURN_TYPE = YES_ERROR;
				GCC_WARN_UNDECLARED_SELECTOR = YES;
				GCC_WARN_UNINITIALIZED_AUTOS = YES_AGGRESSIVE;
				GCC_WARN_UNUSED_FUNCTION = YES;
				GCC_WARN_UNUSED_VARIABLE = YES;
				IPHONEOS_DEPLOYMENT_TARGET = 9.3;
				MTL_ENABLE_DEBUG_INFO = NO;
				SDKROOT = iphoneos;
				TARGETED_DEVICE_FAMILY = "1,2";
				VALIDATE_PRODUCT = YES;
			};
			name = Release;
		};
		14D4D13B1CE26DA80074072A /* Debug */ = {
			isa = XCBuildConfiguration;
			buildSettings = {
				ASSETCATALOG_COMPILER_APPICON_NAME = AppIcon;
				CODE_SIGN_IDENTITY = "iPhone Developer";
				"CODE_SIGN_IDENTITY[sdk=iphoneos*]" = "iPhone Developer";
				EMBEDDED_CONTENT_CONTAINS_SWIFT = YES;
				INFOPLIST_FILE = SixStrings/Info.plist;
				LD_RUNPATH_SEARCH_PATHS = "$(inherited) @executable_path/Frameworks";
				PRODUCT_BUNDLE_IDENTIFIER = com.seanjohnsen.SixStrings;
				PRODUCT_NAME = "$(TARGET_NAME)";
				PROVISIONING_PROFILE = "";
			};
			name = Debug;
		};
		14D4D13C1CE26DA80074072A /* Release */ = {
			isa = XCBuildConfiguration;
			buildSettings = {
				ASSETCATALOG_COMPILER_APPICON_NAME = AppIcon;
				CODE_SIGN_IDENTITY = "iPhone Developer";
				"CODE_SIGN_IDENTITY[sdk=iphoneos*]" = "iPhone Developer";
				EMBEDDED_CONTENT_CONTAINS_SWIFT = YES;
				INFOPLIST_FILE = SixStrings/Info.plist;
				LD_RUNPATH_SEARCH_PATHS = "$(inherited) @executable_path/Frameworks";
				PRODUCT_BUNDLE_IDENTIFIER = com.seanjohnsen.SixStrings;
				PRODUCT_NAME = "$(TARGET_NAME)";
				PROVISIONING_PROFILE = "";
			};
			name = Release;
		};
		14D4D13E1CE26DA80074072A /* Debug */ = {
			isa = XCBuildConfiguration;
			buildSettings = {
				BUNDLE_LOADER = "$(TEST_HOST)";
				INFOPLIST_FILE = SixStringsTests/Info.plist;
				LD_RUNPATH_SEARCH_PATHS = "$(inherited) @executable_path/Frameworks @loader_path/Frameworks";
				PRODUCT_BUNDLE_IDENTIFIER = com.seanjohnsen.SixStringsTests;
				PRODUCT_NAME = "$(TARGET_NAME)";
				TEST_HOST = "$(BUILT_PRODUCTS_DIR)/SixStrings.app/SixStrings";
			};
			name = Debug;
		};
		14D4D13F1CE26DA80074072A /* Release */ = {
			isa = XCBuildConfiguration;
			buildSettings = {
				BUNDLE_LOADER = "$(TEST_HOST)";
				INFOPLIST_FILE = SixStringsTests/Info.plist;
				LD_RUNPATH_SEARCH_PATHS = "$(inherited) @executable_path/Frameworks @loader_path/Frameworks";
				PRODUCT_BUNDLE_IDENTIFIER = com.seanjohnsen.SixStringsTests;
				PRODUCT_NAME = "$(TARGET_NAME)";
				TEST_HOST = "$(BUILT_PRODUCTS_DIR)/SixStrings.app/SixStrings";
			};
			name = Release;
		};
		14D4D1411CE26DA80074072A /* Debug */ = {
			isa = XCBuildConfiguration;
			buildSettings = {
				INFOPLIST_FILE = SixStringsUITests/Info.plist;
				LD_RUNPATH_SEARCH_PATHS = "$(inherited) @executable_path/Frameworks @loader_path/Frameworks";
				PRODUCT_BUNDLE_IDENTIFIER = com.seanjohnsen.SixStringsUITests;
				PRODUCT_NAME = "$(TARGET_NAME)";
				TEST_TARGET_NAME = SixStrings;
			};
			name = Debug;
		};
		14D4D1421CE26DA80074072A /* Release */ = {
			isa = XCBuildConfiguration;
			buildSettings = {
				INFOPLIST_FILE = SixStringsUITests/Info.plist;
				LD_RUNPATH_SEARCH_PATHS = "$(inherited) @executable_path/Frameworks @loader_path/Frameworks";
				PRODUCT_BUNDLE_IDENTIFIER = com.seanjohnsen.SixStringsUITests;
				PRODUCT_NAME = "$(TARGET_NAME)";
				TEST_TARGET_NAME = SixStrings;
			};
			name = Release;
		};
/* End XCBuildConfiguration section */

/* Begin XCConfigurationList section */
		14D4D10B1CE26DA80074072A /* Build configuration list for PBXProject "SixStrings" */ = {
			isa = XCConfigurationList;
			buildConfigurations = (
				14D4D1381CE26DA80074072A /* Debug */,
				14D4D1391CE26DA80074072A /* Release */,
			);
			defaultConfigurationIsVisible = 0;
			defaultConfigurationName = Release;
		};
		14D4D13A1CE26DA80074072A /* Build configuration list for PBXNativeTarget "SixStrings" */ = {
			isa = XCConfigurationList;
			buildConfigurations = (
				14D4D13B1CE26DA80074072A /* Debug */,
				14D4D13C1CE26DA80074072A /* Release */,
			);
			defaultConfigurationIsVisible = 0;
			defaultConfigurationName = Release;
		};
		14D4D13D1CE26DA80074072A /* Build configuration list for PBXNativeTarget "SixStringsTests" */ = {
			isa = XCConfigurationList;
			buildConfigurations = (
				14D4D13E1CE26DA80074072A /* Debug */,
				14D4D13F1CE26DA80074072A /* Release */,
			);
			defaultConfigurationIsVisible = 0;
			defaultConfigurationName = Release;
		};
		14D4D1401CE26DA80074072A /* Build configuration list for PBXNativeTarget "SixStringsUITests" */ = {
			isa = XCConfigurationList;
			buildConfigurations = (
				14D4D1411CE26DA80074072A /* Debug */,
				14D4D1421CE26DA80074072A /* Release */,
			);
			defaultConfigurationIsVisible = 0;
			defaultConfigurationName = Release;
		};
/* End XCConfigurationList section */
	};
	rootObject = 14D4D1081CE26DA80074072A /* Project object */;
}
